// !$*UTF8*$!
{
	archiveVersion = 1;
	classes = {
	};
	objectVersion = 46;
	objects = {

/* Begin PBXBuildFile section */
		DB3FF0401F93C59A00BCAEE4 /* firework.mp3 in Resources */ = {isa = PBXBuildFile; fileRef = DB3FF03C1F93C59A00BCAEE4 /* firework.mp3 */; };
		DB3FF0411F93C59A00BCAEE4 /* balloon.mp3 in Resources */ = {isa = PBXBuildFile; fileRef = DB3FF03D1F93C59A00BCAEE4 /* balloon.mp3 */; };
		DB3FF0421F93C59A00BCAEE4 /* confettiCannonSingleShotRemoteControlSystem.mp3 in Resources */ = {isa = PBXBuildFile; fileRef = DB3FF03E1F93C59A00BCAEE4 /* confettiCannonSingleShotRemoteControlSystem.mp3 */; };
		DBEE4CEC1F28402C00A1FFBB /* AppDelegate.swift in Sources */ = {isa = PBXBuildFile; fileRef = DBEE4CEB1F28402C00A1FFBB /* AppDelegate.swift */; };
		DBEE4CEE1F28402C00A1FFBB /* ViewController.swift in Sources */ = {isa = PBXBuildFile; fileRef = DBEE4CED1F28402C00A1FFBB /* ViewController.swift */; };
		DBEE4CF11F28402C00A1FFBB /* Main.storyboard in Resources */ = {isa = PBXBuildFile; fileRef = DBEE4CEF1F28402C00A1FFBB /* Main.storyboard */; };
		DBEE4CF31F28402C00A1FFBB /* Assets.xcassets in Resources */ = {isa = PBXBuildFile; fileRef = DBEE4CF21F28402C00A1FFBB /* Assets.xcassets */; };
		DBEE4CF61F28402C00A1FFBB /* LaunchScreen.storyboard in Resources */ = {isa = PBXBuildFile; fileRef = DBEE4CF41F28402C00A1FFBB /* LaunchScreen.storyboard */; };
/* End PBXBuildFile section */

/* Begin PBXFileReference section */
		DB3FF03C1F93C59A00BCAEE4 /* firework.mp3 */ = {isa = PBXFileReference; lastKnownFileType = audio.mp3; path = firework.mp3; sourceTree = "<group>"; };
		DB3FF03D1F93C59A00BCAEE4 /* balloon.mp3 */ = {isa = PBXFileReference; lastKnownFileType = audio.mp3; path = balloon.mp3; sourceTree = "<group>"; };
		DB3FF03E1F93C59A00BCAEE4 /* confettiCannonSingleShotRemoteControlSystem.mp3 */ = {isa = PBXFileReference; lastKnownFileType = audio.mp3; path = confettiCannonSingleShotRemoteControlSystem.mp3; sourceTree = "<group>"; };
		DBEE4CE81F28402C00A1FFBB /* IHImageViewEffects.app */ = {isa = PBXFileReference; explicitFileType = wrapper.application; includeInIndex = 0; path = IHImageViewEffects.app; sourceTree = BUILT_PRODUCTS_DIR; };
		DBEE4CEB1F28402C00A1FFBB /* AppDelegate.swift */ = {isa = PBXFileReference; lastKnownFileType = sourcecode.swift; path = AppDelegate.swift; sourceTree = "<group>"; };
		DBEE4CED1F28402C00A1FFBB /* ViewController.swift */ = {isa = PBXFileReference; lastKnownFileType = sourcecode.swift; path = ViewController.swift; sourceTree = "<group>"; };
		DBEE4CF01F28402C00A1FFBB /* Base */ = {isa = PBXFileReference; lastKnownFileType = file.storyboard; name = Base; path = Base.lproj/Main.storyboard; sourceTree = "<group>"; };
		DBEE4CF21F28402C00A1FFBB /* Assets.xcassets */ = {isa = PBXFileReference; lastKnownFileType = folder.assetcatalog; path = Assets.xcassets; sourceTree = "<group>"; };
		DBEE4CF51F28402C00A1FFBB /* Base */ = {isa = PBXFileReference; lastKnownFileType = file.storyboard; name = Base; path = Base.lproj/LaunchScreen.storyboard; sourceTree = "<group>"; };
		DBEE4CF71F28402C00A1FFBB /* Info.plist */ = {isa = PBXFileReference; lastKnownFileType = text.plist.xml; path = Info.plist; sourceTree = "<group>"; };
/* End PBXFileReference section */

/* Begin PBXFrameworksBuildPhase section */
		DBEE4CE51F28402C00A1FFBB /* Frameworks */ = {
			isa = PBXFrameworksBuildPhase;
			buildActionMask = 2147483647;
			files = (
			);
			runOnlyForDeploymentPostprocessing = 0;
		};
/* End PBXFrameworksBuildPhase section */

/* Begin PBXGroup section */
		DB3FF0431F93CE4300BCAEE4 /* audioAssets */ = {
			isa = PBXGroup;
			children = (
				DB3FF03D1F93C59A00BCAEE4 /* balloon.mp3 */,
				DB3FF03E1F93C59A00BCAEE4 /* confettiCannonSingleShotRemoteControlSystem.mp3 */,
				DB3FF03C1F93C59A00BCAEE4 /* firework.mp3 */,
			);
			path = audioAssets;
			sourceTree = "<group>";
		};
		DBEE4CDF1F28402C00A1FFBB = {
			isa = PBXGroup;
			children = (
				DBEE4CEA1F28402C00A1FFBB /* IHImageViewEffects */,
				DBEE4CE91F28402C00A1FFBB /* Products */,
			);
			sourceTree = "<group>";
		};
		DBEE4CE91F28402C00A1FFBB /* Products */ = {
			isa = PBXGroup;
			children = (
				DBEE4CE81F28402C00A1FFBB /* IHImageViewEffects.app */,
			);
			name = Products;
			sourceTree = "<group>";
		};
		DBEE4CEA1F28402C00A1FFBB /* IHImageViewEffects */ = {
			isa = PBXGroup;
			children = (
				DBEE4CEB1F28402C00A1FFBB /* AppDelegate.swift */,
				DBEE4CED1F28402C00A1FFBB /* ViewController.swift */,
				DB3FF0431F93CE4300BCAEE4 /* audioAssets */,
				DBEE4CEF1F28402C00A1FFBB /* Main.storyboard */,
				DBEE4CF21F28402C00A1FFBB /* Assets.xcassets */,
				DBEE4CF41F28402C00A1FFBB /* LaunchScreen.storyboard */,
				DBEE4CF71F28402C00A1FFBB /* Info.plist */,
			);
			path = IHImageViewEffects;
			sourceTree = "<group>";
		};
/* End PBXGroup section */

/* Begin PBXNativeTarget section */
		DBEE4CE71F28402C00A1FFBB /* IHImageViewEffects */ = {
			isa = PBXNativeTarget;
			buildConfigurationList = DBEE4CFA1F28402C00A1FFBB /* Build configuration list for PBXNativeTarget "IHImageViewEffects" */;
			buildPhases = (
				DBEE4CE41F28402C00A1FFBB /* Sources */,
				DBEE4CE51F28402C00A1FFBB /* Frameworks */,
				DBEE4CE61F28402C00A1FFBB /* Resources */,
			);
			buildRules = (
			);
			dependencies = (
			);
			name = IHImageViewEffects;
			productName = IHImageViewEffects;
			productReference = DBEE4CE81F28402C00A1FFBB /* IHImageViewEffects.app */;
			productType = "com.apple.product-type.application";
		};
/* End PBXNativeTarget section */

/* Begin PBXProject section */
		DBEE4CE01F28402C00A1FFBB /* Project object */ = {
			isa = PBXProject;
			attributes = {
				LastSwiftUpdateCheck = 0810;
				LastUpgradeCheck = 0810;
				ORGANIZATIONNAME = "Md Ibrahim Hassan";
				TargetAttributes = {
					DBEE4CE71F28402C00A1FFBB = {
						CreatedOnToolsVersion = 8.1;
						DevelopmentTeam = S22NC6S4LN;
						ProvisioningStyle = Automatic;
					};
				};
			};
			buildConfigurationList = DBEE4CE31F28402C00A1FFBB /* Build configuration list for PBXProject "IHImageViewEffects" */;
			compatibilityVersion = "Xcode 3.2";
			developmentRegion = English;
			hasScannedForEncodings = 0;
			knownRegions = (
				en,
				Base,
			);
			mainGroup = DBEE4CDF1F28402C00A1FFBB;
			productRefGroup = DBEE4CE91F28402C00A1FFBB /* Products */;
			projectDirPath = "";
			projectRoot = "";
			targets = (
				DBEE4CE71F28402C00A1FFBB /* IHImageViewEffects */,
			);
		};
/* End PBXProject section */

/* Begin PBXResourcesBuildPhase section */
		DBEE4CE61F28402C00A1FFBB /* Resources */ = {
			isa = PBXResourcesBuildPhase;
			buildActionMask = 2147483647;
			files = (
				DB3FF0411F93C59A00BCAEE4 /* balloon.mp3 in Resources */,
				DBEE4CF61F28402C00A1FFBB /* LaunchScreen.storyboard in Resources */,
				DB3FF0421F93C59A00BCAEE4 /* confettiCannonSingleShotRemoteControlSystem.mp3 in Resources */,
				DB3FF0401F93C59A00BCAEE4 /* firework.mp3 in Resources */,
				DBEE4CF31F28402C00A1FFBB /* Assets.xcassets in Resources */,
				DBEE4CF11F28402C00A1FFBB /* Main.storyboard in Resources */,
			);
			runOnlyForDeploymentPostprocessing = 0;
		};
/* End PBXResourcesBuildPhase section */

/* Begin PBXSourcesBuildPhase section */
		DBEE4CE41F28402C00A1FFBB /* Sources */ = {
			isa = PBXSourcesBuildPhase;
			buildActionMask = 2147483647;
			files = (
				DBEE4CEE1F28402C00A1FFBB /* ViewController.swift in Sources */,
				DBEE4CEC1F28402C00A1FFBB /* AppDelegate.swift in Sources */,
			);
			runOnlyForDeploymentPostprocessing = 0;
		};
/* End PBXSourcesBuildPhase section */

/* Begin PBXVariantGroup section */
		DBEE4CEF1F28402C00A1FFBB /* Main.storyboard */ = {
			isa = PBXVariantGroup;
			children = (
				DBEE4CF01F28402C00A1FFBB /* Base */,
			);
			name = Main.storyboard;
			sourceTree = "<group>";
		};
		DBEE4CF41F28402C00A1FFBB /* LaunchScreen.storyboard */ = {
			isa = PBXVariantGroup;
			children = (
				DBEE4CF51F28402C00A1FFBB /* Base */,
			);
			name = LaunchScreen.storyboard;
			sourceTree = "<group>";
		};
/* End PBXVariantGroup section */

/* Begin XCBuildConfiguration section */
		DBEE4CF81F28402C00A1FFBB /* Debug */ = {
			isa = XCBuildConfiguration;
			buildSettings = {
				ALWAYS_SEARCH_USER_PATHS = NO;
				CLANG_ANALYZER_NONNULL = YES;
				CLANG_CXX_LANGUAGE_STANDARD = "gnu++0x";
				CLANG_CXX_LIBRARY = "libc++";
				CLANG_ENABLE_MODULES = YES;
				CLANG_ENABLE_OBJC_ARC = YES;
				CLANG_WARN_BOOL_CONVERSION = YES;
				CLANG_WARN_CONSTANT_CONVERSION = YES;
				CLANG_WARN_DIRECT_OBJC_ISA_USAGE = YES_ERROR;
				CLANG_WARN_DOCUMENTATION_COMMENTS = YES;
				CLANG_WARN_EMPTY_BODY = YES;
				CLANG_WARN_ENUM_CONVERSION = YES;
				CLANG_WARN_INFINITE_RECURSION = YES;
				CLANG_WARN_INT_CONVERSION = YES;
				CLANG_WARN_OBJC_ROOT_CLASS = YES_ERROR;
				CLANG_WARN_SUSPICIOUS_MOVES = YES;
				CLANG_WARN_UNREACHABLE_CODE = YES;
				CLANG_WARN__DUPLICATE_METHOD_MATCH = YES;
				"CODE_SIGN_IDENTITY[sdk=iphoneos*]" = "iPhone Developer";
				COPY_PHASE_STRIP = NO;
				DEBUG_INFORMATION_FORMAT = dwarf;
				ENABLE_STRICT_OBJC_MSGSEND = YES;
				ENABLE_TESTABILITY = YES;
				GCC_C_LANGUAGE_STANDARD = gnu99;
				GCC_DYNAMIC_NO_PIC = NO;
				GCC_NO_COMMON_BLOCKS = YES;
				GCC_OPTIMIZATION_LEVEL = 0;
				GCC_PREPROCESSOR_DEFINITIONS = (
					"DEBUG=1",
					"$(inherited)",
				);
				GCC_WARN_64_TO_32_BIT_CONVERSION = YES;
				GCC_WARN_ABOUT_RETURN_TYPE = YES_ERROR;
				GCC_WARN_UNDECLARED_SELECTOR = YES;
				GCC_WARN_UNINITIALIZED_AUTOS = YES_AGGRESSIVE;
				GCC_WARN_UNUSED_FUNCTION = YES;
				GCC_WARN_UNUSED_VARIABLE = YES;
				IPHONEOS_DEPLOYMENT_TARGET = 10.1;
				MTL_ENABLE_DEBUG_INFO = YES;
				ONLY_ACTIVE_ARCH = YES;
				SDKROOT = iphoneos;
				SWIFT_ACTIVE_COMPILATION_CONDITIONS = DEBUG;
				SWIFT_OPTIMIZATION_LEVEL = "-Onone";
				TARGETED_DEVICE_FAMILY = "1,2";
			};
			name = Debug;
		};
		DBEE4CF91F28402C00A1FFBB /* Release */ = {
			isa = XCBuildConfiguration;
			buildSettings = {
				ALWAYS_SEARCH_USER_PATHS = NO;
				CLANG_ANALYZER_NONNULL = YES;
				CLANG_CXX_LANGUAGE_STANDARD = "gnu++0x";
				CLANG_CXX_LIBRARY = "libc++";
				CLANG_ENABLE_MODULES = YES;
				CLANG_ENABLE_OBJC_ARC = YES;
				CLANG_WARN_BOOL_CONVERSION = YES;
				CLANG_WARN_CONSTANT_CONVERSION = YES;
				CLANG_WARN_DIRECT_OBJC_ISA_USAGE = YES_ERROR;
				CLANG_WARN_DOCUMENTATION_COMMENTS = YES;
				CLANG_WARN_EMPTY_BODY = YES;
				CLANG_WARN_ENUM_CONVERSION = YES;
				CLANG_WARN_INFINITE_RECURSION = YES;
				CLANG_WARN_INT_CONVERSION = YES;
				CLANG_WARN_OBJC_ROOT_CLASS = YES_ERROR;
				CLANG_WARN_SUSPICIOUS_MOVES = YES;
				CLANG_WARN_UNREACHABLE_CODE = YES;
				CLANG_WARN__DUPLICATE_METHOD_MATCH = YES;
				"CODE_SIGN_IDENTITY[sdk=iphoneos*]" = "iPhone Developer";
				COPY_PHASE_STRIP = NO;
				DEBUG_INFORMATION_FORMAT = "dwarf-with-dsym";
				ENABLE_NS_ASSERTIONS = NO;
				ENABLE_STRICT_OBJC_MSGSEND = YES;
				GCC_C_LANGUAGE_STANDARD = gnu99;
				GCC_NO_COMMON_BLOCKS = YES;
				GCC_WARN_64_TO_32_BIT_CONVERSION = YES;
				GCC_WARN_ABOUT_RETURN_TYPE = YES_ERROR;
				GCC_WARN_UNDECLARED_SELECTOR = YES;
				GCC_WARN_UNINITIALIZED_AUTOS = YES_AGGRESSIVE;
				GCC_WARN_UNUSED_FUNCTION = YES;
				GCC_WARN_UNUSED_VARIABLE = YES;
				IPHONEOS_DEPLOYMENT_TARGET = 10.1;
				MTL_ENABLE_DEBUG_INFO = NO;
				SDKROOT = iphoneos;
				SWIFT_OPTIMIZATION_LEVEL = "-Owholemodule";
				TARGETED_DEVICE_FAMILY = "1,2";
				VALIDATE_PRODUCT = YES;
			};
			name = Release;
		};
		DBEE4CFB1F28402C00A1FFBB /* Debug */ = {
			isa = XCBuildConfiguration;
			buildSettings = {
				DEVELOPMENT_TEAM = S22NC6S4LN;
				INFOPLIST_FILE = IHImageViewEffects/Info.plist;
				IPHONEOS_DEPLOYMENT_TARGET = 10.0;
				LD_RUNPATH_SEARCH_PATHS = "$(inherited) @executable_path/Frameworks";
				PRODUCT_BUNDLE_IDENTIFIER = "IbrahimH-ss-n.IHImageViewEffects";
				PRODUCT_NAME = "$(TARGET_NAME)";
				SWIFT_VERSION = 3.0;
			};
			name = Debug;
		};
		DBEE4CFC1F28402C00A1FFBB /* Release */ = {
			isa = XCBuildConfiguration;
			buildSettings = {
				DEVELOPMENT_TEAM = S22NC6S4LN;
				INFOPLIST_FILE = IHImageViewEffects/Info.plist;
				IPHONEOS_DEPLOYMENT_TARGET = 10.0;
				LD_RUNPATH_SEARCH_PATHS = "$(inherited) @executable_path/Frameworks";
				PRODUCT_BUNDLE_IDENTIFIER = "IbrahimH-ss-n.IHImageViewEffects";
				PRODUCT_NAME = "$(TARGET_NAME)";
				SWIFT_VERSION = 3.0;
			};
			name = Release;
		};
/* End XCBuildConfiguration section */

/* Begin XCConfigurationList section */
		DBEE4CE31F28402C00A1FFBB /* Build configuration list for PBXProject "IHImageViewEffects" */ = {
			isa = XCConfigurationList;
			buildConfigurations = (
				DBEE4CF81F28402C00A1FFBB /* Debug */,
				DBEE4CF91F28402C00A1FFBB /* Release */,
			);
			defaultConfigurationIsVisible = 0;
			defaultConfigurationName = Release;
		};
		DBEE4CFA1F28402C00A1FFBB /* Build configuration list for PBXNativeTarget "IHImageViewEffects" */ = {
			isa = XCConfigurationList;
			buildConfigurations = (
				DBEE4CFB1F28402C00A1FFBB /* Debug */,
				DBEE4CFC1F28402C00A1FFBB /* Release */,
			);
			defaultConfigurationIsVisible = 0;
			defaultConfigurationName = Release;
		};
/* End XCConfigurationList section */
	};
	rootObject = DBEE4CE01F28402C00A1FFBB /* Project object */;
}
